
Microsoft Visual Studio Solution File, Format Version 12.00
# Visual Studio Version 16
VisualStudioVersion = 16.0.30907.101
MinimumVisualStudioVersion = 10.0.40219.1
Project("{FAE04EC0-301F-11D3-BF4B-00C04F79EFBC}") = "ThreadStartSample", "ThreadingHandsOn\ThreadStartSample.csproj", "{4F292219-DE29-49C6-8480-7BD197452E0D}"
EndProject
Global
	GlobalSection(SolutionConfigurationPlatforms) = preSolution
		Debug|Any CPU = Debug|Any CPU
		Release|Any CPU = Release|Any CPU
	EndGlobalSection
	GlobalSection(ProjectConfigurationPlatforms) = postSolution
		{4F292219-DE29-49C6-8480-7BD197452E0D}.Debug|Any CPU.ActiveCfg = Debug|Any CPU
		{4F292219-DE29-49C6-8480-7BD197452E0D}.Debug|Any CPU.Build.0 = Debug|Any CPU
		{4F292219-DE29-49C6-8480-7BD197452E0D}.Release|Any CPU.ActiveCfg = Release|Any CPU
		{4F292219-DE29-49C6-8480-7BD197452E0D}.Release|Any CPU.Build.0 = Release|Any CPU
	EndGlobalSection
	GlobalSection(SolutionProperties) = preSolution
		HideSolutionNode = FALSE
	EndGlobalSection
	GlobalSection(ExtensibilityGlobals) = postSolution
		SolutionGuid = {FB90AFC2-CFFB-41F9-B33B-9FB4867D6E93}
	EndGlobalSection
EndGlobal
